
Microsoft Visual Studio Solution File, Format Version 12.00
# Visual Studio Version 17
VisualStudioVersion = 17.7.34018.315
MinimumVisualStudioVersion = 10.0.40219.1
Project("{9A19103F-16F7-4668-BE54-9A1E7A4F7556}") = "Working_time_2_API_convencional", "Working_rimw_2_API_convencional\Working_time_2_API_convencional.csproj", "{D0064C3C-1A96-487E-A3BB-B1DE579B3B16}"
EndProject
Global
	GlobalSection(SolutionConfigurationPlatforms) = preSolution
		Debug|Any CPU = Debug|Any CPU
		Release|Any CPU = Release|Any CPU
	EndGlobalSection
	GlobalSection(ProjectConfigurationPlatforms) = postSolution
		{D0064C3C-1A96-487E-A3BB-B1DE579B3B16}.Debug|Any CPU.ActiveCfg = Debug|Any CPU
		{D0064C3C-1A96-487E-A3BB-B1DE579B3B16}.Debug|Any CPU.Build.0 = Debug|Any CPU
		{D0064C3C-1A96-487E-A3BB-B1DE579B3B16}.Release|Any CPU.ActiveCfg = Release|Any CPU
		{D0064C3C-1A96-487E-A3BB-B1DE579B3B16}.Release|Any CPU.Build.0 = Release|Any CPU
	EndGlobalSection
	GlobalSection(SolutionProperties) = preSolution
		HideSolutionNode = FALSE
	EndGlobalSection
	GlobalSection(ExtensibilityGlobals) = postSolution
		SolutionGuid = {F3898E6E-B579-4951-82D5-9CB432AF7A1B}
	EndGlobalSection
EndGlobal
